
Microsoft Visual Studio Solution File, Format Version 12.00
# Visual Studio Version 17
VisualStudioVersion = 17.5.33627.172
MinimumVisualStudioVersion = 10.0.40219.1
Project("{FAE04EC0-301F-11D3-BF4B-00C04F79EFBC}") = "WinForm", "WinForm.csproj", "{2E7E25B9-9196-478B-9981-45F06E0A1BDC}"
EndProject
Global
	GlobalSection(SolutionConfigurationPlatforms) = preSolution
		Debug|Any CPU = Debug|Any CPU
		Release|Any CPU = Release|Any CPU
	EndGlobalSection
	GlobalSection(ProjectConfigurationPlatforms) = postSolution
		{2E7E25B9-9196-478B-9981-45F06E0A1BDC}.Debug|Any CPU.ActiveCfg = Debug|Any CPU
		{2E7E25B9-9196-478B-9981-45F06E0A1BDC}.Debug|Any CPU.Build.0 = Debug|Any CPU
		{2E7E25B9-9196-478B-9981-45F06E0A1BDC}.Release|Any CPU.ActiveCfg = Release|Any CPU
		{2E7E25B9-9196-478B-9981-45F06E0A1BDC}.Release|Any CPU.Build.0 = Release|Any CPU
	EndGlobalSection
	GlobalSection(SolutionProperties) = preSolution
		HideSolutionNode = FALSE
	EndGlobalSection
	GlobalSection(ExtensibilityGlobals) = postSolution
		SolutionGuid = {B4ECF7F0-D76B-4D2A-A35D-3500A4E71E80}
	EndGlobalSection
EndGlobal
